# @generated by Move, please check-in and do not edit manually.

[move]
version = 3
manifest_digest = "D12BF870049D123798340B0CAAEB25FB7A5E05D5D6B5E590890B62B4F6D8822D"
deps_digest = "F8BBB0CCB2491CA29A3DF03D6F92277A4F3574266507ACD77214D37ECA3F3082"
dependencies = [
  { id = "Sui", name = "Sui" },
]

[[move.package]]
id = "MoveStdlib"
source = { git = "https://github.com/MystenLabs/sui.git", rev = "framework/devnet", subdir = "crates\\sui-framework\\packages\\move-stdlib" }

[[move.package]]
id = "Sui"
source = { git = "https://github.com/MystenLabs/sui.git", rev = "framework/devnet", subdir = "crates/sui-framework/packages/sui-framework" }

dependencies = [
  { id = "MoveStdlib", name = "MoveStdlib" },
]

[move.toolchain-version]
compiler-version = "1.53.2"
edition = "2024.beta"
flavor = "sui"

[env]

[env.devnet]
chain-id = "4256f1d2"
original-published-id = "0x6619eb84b1c9cc4ae9285c96369e446d52f71ccd1236cf9eca0e36695cb660fc"
latest-published-id = "0x6619eb84b1c9cc4ae9285c96369e446d52f71ccd1236cf9eca0e36695cb660fc"
published-version = "1"
